// !$*UTF8*$!
{
	archiveVersion = 1;
	classes = {
	};
	objectVersion = 50;
	objects = {

/* Begin PBXBuildFile section */
		2F12CEC4261F0D8600A7B17A /* main.cpp in Sources */ = {isa = PBXBuildFile; fileRef = 2F12CEC3261F0D8600A7B17A /* main.cpp */; };
		2F12CED8261F0E0A00A7B17A /* Draw.cpp in Sources */ = {isa = PBXBuildFile; fileRef = 2F12CED4261F0E0A00A7B17A /* Draw.cpp */; };
		2F12CEDC261F115500A7B17A /* GLUT.framework in Frameworks */ = {isa = PBXBuildFile; fileRef = 2F12CEDB261F115500A7B17A /* GLUT.framework */; };
		2F12CEDE261F118D00A7B17A /* OpenGL.framework in Frameworks */ = {isa = PBXBuildFile; fileRef = 2F12CEDD261F118D00A7B17A /* OpenGL.framework */; };
		2F12CEE1261F146800A7B17A /* Game.cpp in Sources */ = {isa = PBXBuildFile; fileRef = 2F12CEDF261F146800A7B17A /* Game.cpp */; };
		2F12CEE826203FC400A7B17A /* Controler2048.cpp in Sources */ = {isa = PBXBuildFile; fileRef = 2F12CEE626203FC400A7B17A /* Controler2048.cpp */; };
		2F12CEEB26204B5700A7B17A /* GameObject.cpp in Sources */ = {isa = PBXBuildFile; fileRef = 2F12CEE926204B5700A7B17A /* GameObject.cpp */; };
		2F12CEEE2620EA9F00A7B17A /* TextBox.cpp in Sources */ = {isa = PBXBuildFile; fileRef = 2F12CEEC2620EA9F00A7B17A /* TextBox.cpp */; };
		2F12CEF12621CFBF00A7B17A /* Field.cpp in Sources */ = {isa = PBXBuildFile; fileRef = 2F12CEEF2621CFBF00A7B17A /* Field.cpp */; };
		2F12CEF4262462B400A7B17A /* Cell2048.cpp in Sources */ = {isa = PBXBuildFile; fileRef = 2F12CEF2262462B400A7B17A /* Cell2048.cpp */; };
		2F12CEF82626E05700A7B17A /* RGB.cpp in Sources */ = {isa = PBXBuildFile; fileRef = 2F12CEF62626E05700A7B17A /* RGB.cpp */; };
		2FB47232271C5A4500BB58B4 /* Model2048.cpp in Sources */ = {isa = PBXBuildFile; fileRef = 2FB47230271C5A4500BB58B4 /* Model2048.cpp */; };
		2FB4723F27235C1D00BB58B4 /* Keyboard.cpp in Sources */ = {isa = PBXBuildFile; fileRef = 2FB4723D27235C1700BB58B4 /* Keyboard.cpp */; };
		2FB4724327235DB200BB58B4 /* AbstractEvent.cpp in Sources */ = {isa = PBXBuildFile; fileRef = 2FB4724127235DAF00BB58B4 /* AbstractEvent.cpp */; };
		2FB472452724181A00BB58B4 /* AbstractControler.cpp in Sources */ = {isa = PBXBuildFile; fileRef = 2FB472442724181A00BB58B4 /* AbstractControler.cpp */; };
/* End PBXBuildFile section */

/* Begin PBXCopyFilesBuildPhase section */
		2F12CEBE261F0D8600A7B17A /* CopyFiles */ = {
			isa = PBXCopyFilesBuildPhase;
			buildActionMask = 2147483647;
			dstPath = /usr/share/man/man1/;
			dstSubfolderSpec = 0;
			files = (
			);
			runOnlyForDeploymentPostprocessing = 1;
		};
/* End PBXCopyFilesBuildPhase section */

/* Begin PBXFileReference section */
		2F01C4E727522728004DA76C /* MAINPAGE.md */ = {isa = PBXFileReference; lastKnownFileType = net.daringfireball.markdown; path = MAINPAGE.md; sourceTree = "<group>"; };
		2F01C4EA27522D90004DA76C /* splitbar.png */ = {isa = PBXFileReference; lastKnownFileType = image.png; path = splitbar.png; sourceTree = "<group>"; };
		2F01C4EB27522D90004DA76C /* _controler2048_8hpp_source.html */ = {isa = PBXFileReference; lastKnownFileType = text.html; path = _controler2048_8hpp_source.html; sourceTree = "<group>"; };
		2F01C4EC27522D90004DA76C /* _text_box_8hpp_source.html */ = {isa = PBXFileReference; lastKnownFileType = text.html; path = _text_box_8hpp_source.html; sourceTree = "<group>"; };
		2F01C4ED27522D90004DA76C /* class_field.html */ = {isa = PBXFileReference; lastKnownFileType = text.html; path = class_field.html; sourceTree = "<group>"; };
		2F01C4EE27522D90004DA76C /* doxygen.css */ = {isa = PBXFileReference; lastKnownFileType = text.css; path = doxygen.css; sourceTree = "<group>"; };
		2F01C4EF27522D90004DA76C /* _field_8hpp_source.html */ = {isa = PBXFileReference; lastKnownFileType = text.html; path = _field_8hpp_source.html; sourceTree = "<group>"; };
		2F01C4F027522D90004DA76C /* _abstract_controler_8hpp_source.html */ = {isa = PBXFileReference; lastKnownFileType = text.html; path = _abstract_controler_8hpp_source.html; sourceTree = "<group>"; };
		2F01C4F127522D90004DA76C /* pages.html */ = {isa = PBXFileReference; lastKnownFileType = text.html; path = pages.html; sourceTree = "<group>"; };
		2F01C4F227522D90004DA76C /* index.html */ = {isa = PBXFileReference; lastKnownFileType = text.html; path = index.html; sourceTree = "<group>"; };
		2F01C4F327522D90004DA76C /* functions.html */ = {isa = PBXFileReference; lastKnownFileType = text.html; path = functions.html; sourceTree = "<group>"; };
		2F01C4F427522D90004DA76C /* class_r_g_b.html */ = {isa = PBXFileReference; lastKnownFileType = text.html; path = class_r_g_b.html; sourceTree = "<group>"; };
		2F01C4F527522D90004DA76C /* sync_off.png */ = {isa = PBXFileReference; lastKnownFileType = image.png; path = sync_off.png; sourceTree = "<group>"; };
		2F01C4F627522D90004DA76C /* class_model2048_1_1_action.png */ = {isa = PBXFileReference; lastKnownFileType = image.png; path = class_model2048_1_1_action.png; sourceTree = "<group>"; };
		2F01C4F727522D90004DA76C /* class_text_box-members.html */ = {isa = PBXFileReference; lastKnownFileType = text.html; path = "class_text_box-members.html"; sourceTree = "<group>"; };
		2F01C4F827522D90004DA76C /* sync_on.png */ = {isa = PBXFileReference; lastKnownFileType = image.png; path = sync_on.png; sourceTree = "<group>"; };
		2F01C4F927522D90004DA76C /* class_field-members.html */ = {isa = PBXFileReference; lastKnownFileType = text.html; path = "class_field-members.html"; sourceTree = "<group>"; };
		2F01C4FA27522D90004DA76C /* _draw_8hpp_source.html */ = {isa = PBXFileReference; lastKnownFileType = text.html; path = _draw_8hpp_source.html; sourceTree = "<group>"; };
		2F01C4FB27522D90004DA76C /* class_abstract_event.html */ = {isa = PBXFileReference; lastKnownFileType = text.html; path = class_abstract_event.html; sourceTree = "<group>"; };
		2F01C4FC27522D90004DA76C /* annotated.html */ = {isa = PBXFileReference; lastKnownFileType = text.html; path = annotated.html; sourceTree = "<group>"; };
		2F01C4FD27522D90004DA76C /* doc.png */ = {isa = PBXFileReference; lastKnownFileType = image.png; path = doc.png; sourceTree = "<group>"; };
		2F01C4FE27522D90004DA76C /* hierarchy.html */ = {isa = PBXFileReference; lastKnownFileType = text.html; path = hierarchy.html; sourceTree = "<group>"; };
		2F01C4FF27522D90004DA76C /* bc_s.png */ = {isa = PBXFileReference; lastKnownFileType = image.png; path = bc_s.png; sourceTree = "<group>"; };
		2F01C50027522D90004DA76C /* nav_g.png */ = {isa = PBXFileReference; lastKnownFileType = image.png; path = nav_g.png; sourceTree = "<group>"; };
		2F01C50127522D90004DA76C /* class_text_box.html */ = {isa = PBXFileReference; lastKnownFileType = text.html; path = class_text_box.html; sourceTree = "<group>"; };
		2F01C50227522D90004DA76C /* nav_f.png */ = {isa = PBXFileReference; lastKnownFileType = image.png; path = nav_f.png; sourceTree = "<group>"; };
		2F01C50327522D90004DA76C /* tabs.css */ = {isa = PBXFileReference; lastKnownFileType = text.css; path = tabs.css; sourceTree = "<group>"; };
		2F01C50427522D90004DA76C /* _keys_8h_source.html */ = {isa = PBXFileReference; lastKnownFileType = text.html; path = _keys_8h_source.html; sourceTree = "<group>"; };
		2F01C50527522D90004DA76C /* _cell2048_8hpp_source.html */ = {isa = PBXFileReference; lastKnownFileType = text.html; path = _cell2048_8hpp_source.html; sourceTree = "<group>"; };
		2F01C50627522D90004DA76C /* closed.png */ = {isa = PBXFileReference; lastKnownFileType = image.png; path = closed.png; sourceTree = "<group>"; };
		2F01C50727522D90004DA76C /* class_game-members.html */ = {isa = PBXFileReference; lastKnownFileType = text.html; path = "class_game-members.html"; sourceTree = "<group>"; };
		2F01C50827522D90004DA76C /* doxygen.png */ = {isa = PBXFileReference; lastKnownFileType = image.png; path = doxygen.png; sourceTree = "<group>"; };
		2F01C50927522D90004DA76C /* md__f_u_s_u_i_o_n__e_n_g_i_n_e__syntax_target.html */ = {isa = PBXFileReference; lastKnownFileType = text.html; path = md__f_u_s_u_i_o_n__e_n_g_i_n_e__syntax_target.html; sourceTree = "<group>"; };
		2F01C50A27522D90004DA76C /* functions_vars.html */ = {isa = PBXFileReference; lastKnownFileType = text.html; path = functions_vars.html; sourceTree = "<group>"; };
		2F01C50B27522D90004DA76C /* tab_s.png */ = {isa = PBXFileReference; lastKnownFileType = image.png; path = tab_s.png; sourceTree = "<group>"; };
		2F01C50C27522D90004DA76C /* class_model2048_1_1_action-members.html */ = {isa = PBXFileReference; lastKnownFileType = text.html; path = "class_model2048_1_1_action-members.html"; sourceTree = "<group>"; };
		2F01C50D27522D90004DA76C /* class_abstract_action-members.html */ = {isa = PBXFileReference; lastKnownFileType = text.html; path = "class_abstract_action-members.html"; sourceTree = "<group>"; };
		2F01C50E27522D90004DA76C /* class_controler2048.html */ = {isa = PBXFileReference; lastKnownFileType = text.html; path = class_controler2048.html; sourceTree = "<group>"; };
		2F01C50F27522D90004DA76C /* class_controler2048.png */ = {isa = PBXFileReference; lastKnownFileType = image.png; path = class_controler2048.png; sourceTree = "<group>"; };
		2F01C51027522D90004DA76C /* class_game.html */ = {isa = PBXFileReference; lastKnownFileType = text.html; path = class_game.html; sourceTree = "<group>"; };
		2F01C51127522D90004DA76C /* files.html */ = {isa = PBXFileReference; lastKnownFileType = text.html; path = files.html; sourceTree = "<group>"; };
		2F01C51227522D90004DA76C /* _model2048_8hpp_source.html */ = {isa = PBXFileReference; lastKnownFileType = text.html; path = _model2048_8hpp_source.html; sourceTree = "<group>"; };
		2F01C51327522D90004DA76C /* dir_650c48b87d7db1aa4191b3d29cd54b9d.html */ = {isa = PBXFileReference; lastKnownFileType = text.html; path = dir_650c48b87d7db1aa4191b3d29cd54b9d.html; sourceTree = "<group>"; };
		2F01C51427522D90004DA76C /* tab_a.png */ = {isa = PBXFileReference; lastKnownFileType = image.png; path = tab_a.png; sourceTree = "<group>"; };
		2F01C51527522D90004DA76C /* functions_func.html */ = {isa = PBXFileReference; lastKnownFileType = text.html; path = functions_func.html; sourceTree = "<group>"; };
		2F01C51627522D90004DA76C /* class_keyboard-members.html */ = {isa = PBXFileReference; lastKnownFileType = text.html; path = "class_keyboard-members.html"; sourceTree = "<group>"; };
		2F01C51727522D90004DA76C /* _game_object_8hpp_source.html */ = {isa = PBXFileReference; lastKnownFileType = text.html; path = _game_object_8hpp_source.html; sourceTree = "<group>"; };
		2F01C51827522D90004DA76C /* _abstract_event_8hpp_source.html */ = {isa = PBXFileReference; lastKnownFileType = text.html; path = _abstract_event_8hpp_source.html; sourceTree = "<group>"; };
		2F01C51927522D90004DA76C /* md__f_u_s_u_i_o_n__e_n_g_i_n_e__r_e_a_d_m_e.html */ = {isa = PBXFileReference; lastKnownFileType = text.html; path = md__f_u_s_u_i_o_n__e_n_g_i_n_e__r_e_a_d_m_e.html; sourceTree = "<group>"; };
		2F01C51A27522D90004DA76C /* dir_d538ab4e068862bedc166da725c2a768.html */ = {isa = PBXFileReference; lastKnownFileType = text.html; path = dir_d538ab4e068862bedc166da725c2a768.html; sourceTree = "<group>"; };
		2F01C51B27522D90004DA76C /* tab_b.png */ = {isa = PBXFileReference; lastKnownFileType = image.png; path = tab_b.png; sourceTree = "<group>"; };
		2F01C51C27522D90004DA76C /* class_abstract_action.html */ = {isa = PBXFileReference; lastKnownFileType = text.html; path = class_abstract_action.html; sourceTree = "<group>"; };
		2F01C51D27522D90004DA76C /* class_controler2048-members.html */ = {isa = PBXFileReference; lastKnownFileType = text.html; path = "class_controler2048-members.html"; sourceTree = "<group>"; };
		2F01C51E27522D90004DA76C /* bdwn.png */ = {isa = PBXFileReference; lastKnownFileType = image.png; path = bdwn.png; sourceTree = "<group>"; };
		2F01C52027522D90004DA76C /* functions_3.js */ = {isa = PBXFileReference; lastKnownFileType = sourcecode.javascript; path = functions_3.js; sourceTree = "<group>"; };
		2F01C52127522D90004DA76C /* searchdata.js */ = {isa = PBXFileReference; lastKnownFileType = sourcecode.javascript; path = searchdata.js; sourceTree = "<group>"; };
		2F01C52227522D90004DA76C /* functions_6.html */ = {isa = PBXFileReference; lastKnownFileType = text.html; path = functions_6.html; sourceTree = "<group>"; };
		2F01C52327522D90004DA76C /* all_6.js */ = {isa = PBXFileReference; lastKnownFileType = sourcecode.javascript; path = all_6.js; sourceTree = "<group>"; };
		2F01C52427522D90004DA76C /* functions_11.js */ = {isa = PBXFileReference; lastKnownFileType = sourcecode.javascript; path = functions_11.js; sourceTree = "<group>"; };
		2F01C52527522D90004DA76C /* all_4.html */ = {isa = PBXFileReference; lastKnownFileType = text.html; path = all_4.html; sourceTree = "<group>"; };
		2F01C52627522D90004DA76C /* classes_1.html */ = {isa = PBXFileReference; lastKnownFileType = text.html; path = classes_1.html; sourceTree = "<group>"; };
		2F01C52727522D90004DA76C /* functions_d.js */ = {isa = PBXFileReference; lastKnownFileType = sourcecode.javascript; path = functions_d.js; sourceTree = "<group>"; };
		2F01C52827522D90004DA76C /* all_a.js */ = {isa = PBXFileReference; lastKnownFileType = sourcecode.javascript; path = all_a.js; sourceTree = "<group>"; };
		2F01C52927522D90004DA76C /* search_r.png */ = {isa = PBXFileReference; lastKnownFileType = image.png; path = search_r.png; sourceTree = "<group>"; };
		2F01C52A27522D90004DA76C /* functions_7.js */ = {isa = PBXFileReference; lastKnownFileType = sourcecode.javascript; path = functions_7.js; sourceTree = "<group>"; };
		2F01C52B27522D90004DA76C /* functions_a.html */ = {isa = PBXFileReference; lastKnownFileType = text.html; path = functions_a.html; sourceTree = "<group>"; };
		2F01C52C27522D90004DA76C /* all_8.html */ = {isa = PBXFileReference; lastKnownFileType = text.html; path = all_8.html; sourceTree = "<group>"; };
		2F01C52D27522D90004DA76C /* all_c.html */ = {isa = PBXFileReference; lastKnownFileType = text.html; path = all_c.html; sourceTree = "<group>"; };
		2F01C52E27522D90004DA76C /* all_2.js */ = {isa = PBXFileReference; lastKnownFileType = sourcecode.javascript; path = all_2.js; sourceTree = "<group>"; };
		2F01C52F27522D90004DA76C /* all_e.js */ = {isa = PBXFileReference; lastKnownFileType = sourcecode.javascript; path = all_e.js; sourceTree = "<group>"; };
		2F01C53027522D90004DA76C /* functions_6.js */ = {isa = PBXFileReference; lastKnownFileType = sourcecode.javascript; path = functions_6.js; sourceTree = "<group>"; };
		2F01C53127522D90004DA76C /* all_3.js */ = {isa = PBXFileReference; lastKnownFileType = sourcecode.javascript; path = all_3.js; sourceTree = "<group>"; };
		2F01C53227522D90004DA76C /* functions_a.js */ = {isa = PBXFileReference; lastKnownFileType = sourcecode.javascript; path = functions_a.js; sourceTree = "<group>"; };
		2F01C53327522D90004DA76C /* all_b.html */ = {isa = PBXFileReference; lastKnownFileType = text.html; path = all_b.html; sourceTree = "<group>"; };
		2F01C53427522D90004DA76C /* all_9.html */ = {isa = PBXFileReference; lastKnownFileType = text.html; path = all_9.html; sourceTree = "<group>"; };
		2F01C53527522D90004DA76C /* all_d.js */ = {isa = PBXFileReference; lastKnownFileType = sourcecode.javascript; path = all_d.js; sourceTree = "<group>"; };
		2F01C53627522D90004DA76C /* functions_2.js */ = {isa = PBXFileReference; lastKnownFileType = sourcecode.javascript; path = functions_2.js; sourceTree = "<group>"; };
		2F01C53727522D90004DA76C /* all_7.js */ = {isa = PBXFileReference; lastKnownFileType = sourcecode.javascript; path = all_7.js; sourceTree = "<group>"; };
		2F01C53827522D90004DA76C /* functions_10.js */ = {isa = PBXFileReference; lastKnownFileType = sourcecode.javascript; path = functions_10.js; sourceTree = "<group>"; };
		2F01C53927522D90004DA76C /* classes_0.html */ = {isa = PBXFileReference; lastKnownFileType = text.html; path = classes_0.html; sourceTree = "<group>"; };
		2F01C53A27522D90004DA76C /* search.css */ = {isa = PBXFileReference; lastKnownFileType = text.css; path = search.css; sourceTree = "<group>"; };
		2F01C53B27522D90004DA76C /* all_5.html */ = {isa = PBXFileReference; lastKnownFileType = text.html; path = all_5.html; sourceTree = "<group>"; };
		2F01C53C27522D90004DA76C /* functions_e.js */ = {isa = PBXFileReference; lastKnownFileType = sourcecode.javascript; path = functions_e.js; sourceTree = "<group>"; };
		2F01C53D27522D90004DA76C /* functions_7.html */ = {isa = PBXFileReference; lastKnownFileType = text.html; path = functions_7.html; sourceTree = "<group>"; };
		2F01C53E27522D90004DA76C /* classes_1.js */ = {isa = PBXFileReference; lastKnownFileType = sourcecode.javascript; path = classes_1.js; sourceTree = "<group>"; };
		2F01C53F27522D90004DA76C /* all_e.html */ = {isa = PBXFileReference; lastKnownFileType = text.html; path = all_e.html; sourceTree = "<group>"; };
		2F01C54027522D90004DA76C /* functions_9.js */ = {isa = PBXFileReference; lastKnownFileType = sourcecode.javascript; path = functions_9.js; sourceTree = "<group>"; };
		2F01C54127522D90004DA76C /* classes_5.js */ = {isa = PBXFileReference; lastKnownFileType = sourcecode.javascript; path = classes_5.js; sourceTree = "<group>"; };
		2F01C54227522D90004DA76C /* functions_11.html */ = {isa = PBXFileReference; lastKnownFileType = text.html; path = functions_11.html; sourceTree = "<group>"; };
		2F01C54327522D90004DA76C /* functions_0.html */ = {isa = PBXFileReference; lastKnownFileType = text.html; path = functions_0.html; sourceTree = "<group>"; };
		2F01C54427522D90004DA76C /* all_8.js */ = {isa = PBXFileReference; lastKnownFileType = sourcecode.javascript; path = all_8.js; sourceTree = "<group>"; };
		2F01C54527522D90004DA76C /* all_2.html */ = {isa = PBXFileReference; lastKnownFileType = text.html; path = all_2.html; sourceTree = "<group>"; };
		2F01C54627522D90004DA76C /* classes_7.html */ = {isa = PBXFileReference; lastKnownFileType = text.html; path = classes_7.html; sourceTree = "<group>"; };
		2F01C54727522D90004DA76C /* all_11.html */ = {isa = PBXFileReference; lastKnownFileType = text.html; path = all_11.html; sourceTree = "<group>"; };
		2F01C54827522D90004DA76C /* classes_4.js */ = {isa = PBXFileReference; lastKnownFileType = sourcecode.javascript; path = classes_4.js; sourceTree = "<group>"; };
		2F01C54927522D90004DA76C /* all_9.js */ = {isa = PBXFileReference; lastKnownFileType = sourcecode.javascript; path = all_9.js; sourceTree = "<group>"; };
		2F01C54A27522D90004DA76C /* all_10.html */ = {isa = PBXFileReference; lastKnownFileType = text.html; path = all_10.html; sourceTree = "<group>"; };
		2F01C54B27522D90004DA76C /* all_12.js */ = {isa = PBXFileReference; lastKnownFileType = sourcecode.javascript; path = all_12.js; sourceTree = "<group>"; };
		2F01C54C27522D90004DA76C /* classes_6.html */ = {isa = PBXFileReference; lastKnownFileType = text.html; path = classes_6.html; sourceTree = "<group>"; };
		2F01C54D27522D90004DA76C /* all_3.html */ = {isa = PBXFileReference; lastKnownFileType = text.html; path = all_3.html; sourceTree = "<group>"; };
		2F01C54E27522D90004DA76C /* functions_1.html */ = {isa = PBXFileReference; lastKnownFileType = text.html; path = functions_1.html; sourceTree = "<group>"; };
		2F01C54F27522D90004DA76C /* functions_10.html */ = {isa = PBXFileReference; lastKnownFileType = text.html; path = functions_10.html; sourceTree = "<group>"; };
		2F01C55027522D90004DA76C /* classes_0.js */ = {isa = PBXFileReference; lastKnownFileType = sourcecode.javascript; path = classes_0.js; sourceTree = "<group>"; };
		2F01C55127522D90004DA76C /* functions_8.js */ = {isa = PBXFileReference; lastKnownFileType = sourcecode.javascript; path = functions_8.js; sourceTree = "<group>"; };
		2F01C55227522D90004DA76C /* all_d.html */ = {isa = PBXFileReference; lastKnownFileType = text.html; path = all_d.html; sourceTree = "<group>"; };
		2F01C55327522D90004DA76C /* functions_f.html */ = {isa = PBXFileReference; lastKnownFileType = text.html; path = functions_f.html; sourceTree = "<group>"; };
		2F01C55427522D90004DA76C /* classes_7.js */ = {isa = PBXFileReference; lastKnownFileType = sourcecode.javascript; path = classes_7.js; sourceTree = "<group>"; };
		2F01C55527522D90004DA76C /* all_11.js */ = {isa = PBXFileReference; lastKnownFileType = sourcecode.javascript; path = all_11.js; sourceTree = "<group>"; };
		2F01C55627522D90004DA76C /* variables_0.html */ = {isa = PBXFileReference; lastKnownFileType = text.html; path = variables_0.html; sourceTree = "<group>"; };
		2F01C55727522D90004DA76C /* functions_e.html */ = {isa = PBXFileReference; lastKnownFileType = text.html; path = functions_e.html; sourceTree = "<group>"; };
		2F01C55827522D90004DA76C /* classes_3.js */ = {isa = PBXFileReference; lastKnownFileType = sourcecode.javascript; path = classes_3.js; sourceTree = "<group>"; };
		2F01C55927522D90004DA76C /* classes_5.html */ = {isa = PBXFileReference; lastKnownFileType = text.html; path = classes_5.html; sourceTree = "<group>"; };
		2F01C55A27522D90004DA76C /* all_0.html */ = {isa = PBXFileReference; lastKnownFileType = text.html; path = all_0.html; sourceTree = "<group>"; };
		2F01C55B27522D90004DA76C /* functions_2.html */ = {isa = PBXFileReference; lastKnownFileType = text.html; path = functions_2.html; sourceTree = "<group>"; };
		2F01C55C27522D90004DA76C /* functions_12.html */ = {isa = PBXFileReference; lastKnownFileType = text.html; path = functions_12.html; sourceTree = "<group>"; };
		2F01C55D27522D90004DA76C /* classes_2.js */ = {isa = PBXFileReference; lastKnownFileType = sourcecode.javascript; path = classes_2.js; sourceTree = "<group>"; };
		2F01C55E27522D90004DA76C /* functions_3.html */ = {isa = PBXFileReference; lastKnownFileType = text.html; path = functions_3.html; sourceTree = "<group>"; };
		2F01C55F27522D90004DA76C /* all_1.html */ = {isa = PBXFileReference; lastKnownFileType = text.html; path = all_1.html; sourceTree = "<group>"; };
		2F01C56027522D90004DA76C /* classes_4.html */ = {isa = PBXFileReference; lastKnownFileType = text.html; path = classes_4.html; sourceTree = "<group>"; };
		2F01C56127522D90004DA76C /* all_12.html */ = {isa = PBXFileReference; lastKnownFileType = text.html; path = all_12.html; sourceTree = "<group>"; };
		2F01C56227522D90004DA76C /* classes_6.js */ = {isa = PBXFileReference; lastKnownFileType = sourcecode.javascript; path = classes_6.js; sourceTree = "<group>"; };
		2F01C56327522D90004DA76C /* functions_d.html */ = {isa = PBXFileReference; lastKnownFileType = text.html; path = functions_d.html; sourceTree = "<group>"; };
		2F01C56427522D90004DA76C /* all_10.js */ = {isa = PBXFileReference; lastKnownFileType = sourcecode.javascript; path = all_10.js; sourceTree = "<group>"; };
		2F01C56527522D90004DA76C /* all_f.html */ = {isa = PBXFileReference; lastKnownFileType = text.html; path = all_f.html; sourceTree = "<group>"; };
		2F01C56627522D90004DA76C /* functions_5.js */ = {isa = PBXFileReference; lastKnownFileType = sourcecode.javascript; path = functions_5.js; sourceTree = "<group>"; };
		2F01C56727522D90004DA76C /* all_0.js */ = {isa = PBXFileReference; lastKnownFileType = sourcecode.javascript; path = all_0.js; sourceTree = "<group>"; };
		2F01C56827522D90004DA76C /* functions_b.js */ = {isa = PBXFileReference; lastKnownFileType = sourcecode.javascript; path = functions_b.js; sourceTree = "<group>"; };
		2F01C56927522D90004DA76C /* classes_3.html */ = {isa = PBXFileReference; lastKnownFileType = text.html; path = classes_3.html; sourceTree = "<group>"; };
		2F01C56A27522D90004DA76C /* all_6.html */ = {isa = PBXFileReference; lastKnownFileType = text.html; path = all_6.html; sourceTree = "<group>"; };
		2F01C56B27522D90004DA76C /* functions_4.html */ = {isa = PBXFileReference; lastKnownFileType = text.html; path = functions_4.html; sourceTree = "<group>"; };
		2F01C56C27522D90004DA76C /* search_l.png */ = {isa = PBXFileReference; lastKnownFileType = image.png; path = search_l.png; sourceTree = "<group>"; };
		2F01C56D27522D90004DA76C /* functions_1.js */ = {isa = PBXFileReference; lastKnownFileType = sourcecode.javascript; path = functions_1.js; sourceTree = "<group>"; };
		2F01C56E27522D90004DA76C /* pages_0.js */ = {isa = PBXFileReference; lastKnownFileType = sourcecode.javascript; path = pages_0.js; sourceTree = "<group>"; };
		2F01C56F27522D90004DA76C /* all_4.js */ = {isa = PBXFileReference; lastKnownFileType = sourcecode.javascript; path = all_4.js; sourceTree = "<group>"; };
		2F01C57027522D90004DA76C /* all_a.html */ = {isa = PBXFileReference; lastKnownFileType = text.html; path = all_a.html; sourceTree = "<group>"; };
		2F01C57127522D90004DA76C /* functions_f.js */ = {isa = PBXFileReference; lastKnownFileType = sourcecode.javascript; path = functions_f.js; sourceTree = "<group>"; };
		2F01C57227522D90004DA76C /* pages_1.html */ = {isa = PBXFileReference; lastKnownFileType = text.html; path = pages_1.html; sourceTree = "<group>"; };
		2F01C57327522D90004DA76C /* functions_c.html */ = {isa = PBXFileReference; lastKnownFileType = text.html; path = functions_c.html; sourceTree = "<group>"; };
		2F01C57427522D90004DA76C /* all_c.js */ = {isa = PBXFileReference; lastKnownFileType = sourcecode.javascript; path = all_c.js; sourceTree = "<group>"; };
		2F01C57527522D90004DA76C /* functions_8.html */ = {isa = PBXFileReference; lastKnownFileType = text.html; path = functions_8.html; sourceTree = "<group>"; };
		2F01C57627522D90004DA76C /* search_m.png */ = {isa = PBXFileReference; lastKnownFileType = image.png; path = search_m.png; sourceTree = "<group>"; };
		2F01C57727522D90004DA76C /* search.js */ = {isa = PBXFileReference; lastKnownFileType = sourcecode.javascript; path = search.js; sourceTree = "<group>"; };
		2F01C57827522D90004DA76C /* functions_9.html */ = {isa = PBXFileReference; lastKnownFileType = text.html; path = functions_9.html; sourceTree = "<group>"; };
		2F01C57927522D90004DA76C /* pages_1.js */ = {isa = PBXFileReference; lastKnownFileType = sourcecode.javascript; path = pages_1.js; sourceTree = "<group>"; };
		2F01C57A27522D90004DA76C /* functions_0.js */ = {isa = PBXFileReference; lastKnownFileType = sourcecode.javascript; path = functions_0.js; sourceTree = "<group>"; };
		2F01C57B27522D90004DA76C /* functions_b.html */ = {isa = PBXFileReference; lastKnownFileType = text.html; path = functions_b.html; sourceTree = "<group>"; };
		2F01C57C27522D90004DA76C /* functions_12.js */ = {isa = PBXFileReference; lastKnownFileType = sourcecode.javascript; path = functions_12.js; sourceTree = "<group>"; };
		2F01C57D27522D90004DA76C /* all_5.js */ = {isa = PBXFileReference; lastKnownFileType = sourcecode.javascript; path = all_5.js; sourceTree = "<group>"; };
		2F01C57E27522D90004DA76C /* pages_0.html */ = {isa = PBXFileReference; lastKnownFileType = text.html; path = pages_0.html; sourceTree = "<group>"; };
		2F01C57F27522D90004DA76C /* mag_sel.png */ = {isa = PBXFileReference; lastKnownFileType = image.png; path = mag_sel.png; sourceTree = "<group>"; };
		2F01C58027522D90004DA76C /* all_b.js */ = {isa = PBXFileReference; lastKnownFileType = sourcecode.javascript; path = all_b.js; sourceTree = "<group>"; };
		2F01C58127522D90004DA76C /* nomatches.html */ = {isa = PBXFileReference; lastKnownFileType = text.html; path = nomatches.html; sourceTree = "<group>"; };
		2F01C58227522D90004DA76C /* functions_4.js */ = {isa = PBXFileReference; lastKnownFileType = sourcecode.javascript; path = functions_4.js; sourceTree = "<group>"; };
		2F01C58327522D90004DA76C /* variables_0.js */ = {isa = PBXFileReference; lastKnownFileType = sourcecode.javascript; path = variables_0.js; sourceTree = "<group>"; };
		2F01C58427522D90004DA76C /* functions_5.html */ = {isa = PBXFileReference; lastKnownFileType = text.html; path = functions_5.html; sourceTree = "<group>"; };
		2F01C58527522D90004DA76C /* all_7.html */ = {isa = PBXFileReference; lastKnownFileType = text.html; path = all_7.html; sourceTree = "<group>"; };
		2F01C58627522D90004DA76C /* all_1.js */ = {isa = PBXFileReference; lastKnownFileType = sourcecode.javascript; path = all_1.js; sourceTree = "<group>"; };
		2F01C58727522D90004DA76C /* classes_2.html */ = {isa = PBXFileReference; lastKnownFileType = text.html; path = classes_2.html; sourceTree = "<group>"; };
		2F01C58827522D90004DA76C /* functions_c.js */ = {isa = PBXFileReference; lastKnownFileType = sourcecode.javascript; path = functions_c.js; sourceTree = "<group>"; };
		2F01C58927522D90004DA76C /* close.png */ = {isa = PBXFileReference; lastKnownFileType = image.png; path = close.png; sourceTree = "<group>"; };
		2F01C58A27522D90004DA76C /* all_f.js */ = {isa = PBXFileReference; lastKnownFileType = sourcecode.javascript; path = all_f.js; sourceTree = "<group>"; };
		2F01C58B27522D90004DA76C /* _glut_8h_source.html */ = {isa = PBXFileReference; lastKnownFileType = text.html; path = _glut_8h_source.html; sourceTree = "<group>"; };
		2F01C58C27522D90004DA76C /* class_abstract_action.png */ = {isa = PBXFileReference; lastKnownFileType = image.png; path = class_abstract_action.png; sourceTree = "<group>"; };
		2F01C58D27522D90004DA76C /* class_abstract_controler.html */ = {isa = PBXFileReference; lastKnownFileType = text.html; path = class_abstract_controler.html; sourceTree = "<group>"; };
		2F01C58E27522D90004DA76C /* _keyboard_8hpp_source.html */ = {isa = PBXFileReference; lastKnownFileType = text.html; path = _keyboard_8hpp_source.html; sourceTree = "<group>"; };
		2F01C58F27522D90004DA76C /* class_model2048-members.html */ = {isa = PBXFileReference; lastKnownFileType = text.html; path = "class_model2048-members.html"; sourceTree = "<group>"; };
		2F01C59027522D90004DA76C /* class_game_object-members.html */ = {isa = PBXFileReference; lastKnownFileType = text.html; path = "class_game_object-members.html"; sourceTree = "<group>"; };
		2F01C59127522D90004DA76C /* dir_9be723b93474caf7cf71127d382e857f.html */ = {isa = PBXFileReference; lastKnownFileType = text.html; path = dir_9be723b93474caf7cf71127d382e857f.html; sourceTree = "<group>"; };
		2F01C59227522D90004DA76C /* class_field.png */ = {isa = PBXFileReference; lastKnownFileType = image.png; path = class_field.png; sourceTree = "<group>"; };
		2F01C59327522D90004DA76C /* class_abstract_controler.png */ = {isa = PBXFileReference; lastKnownFileType = image.png; path = class_abstract_controler.png; sourceTree = "<group>"; };
		2F01C59427522D90004DA76C /* class_keyboard.html */ = {isa = PBXFileReference; lastKnownFileType = text.html; path = class_keyboard.html; sourceTree = "<group>"; };
		2F01C59527522D90004DA76C /* nav_h.png */ = {isa = PBXFileReference; lastKnownFileType = image.png; path = nav_h.png; sourceTree = "<group>"; };
		2F01C59627522D90004DA76C /* class_game_object.png */ = {isa = PBXFileReference; lastKnownFileType = image.png; path = class_game_object.png; sourceTree = "<group>"; };
		2F01C59727522D90004DA76C /* tab_h.png */ = {isa = PBXFileReference; lastKnownFileType = image.png; path = tab_h.png; sourceTree = "<group>"; };
		2F01C59827522D90004DA76C /* class_cell2048.png */ = {isa = PBXFileReference; lastKnownFileType = image.png; path = class_cell2048.png; sourceTree = "<group>"; };
		2F01C59927522D90004DA76C /* dir_7cfc7cf4971cb218898459c9df725ebd.html */ = {isa = PBXFileReference; lastKnownFileType = text.html; path = dir_7cfc7cf4971cb218898459c9df725ebd.html; sourceTree = "<group>"; };
		2F01C59A27522D90004DA76C /* class_r_g_b-members.html */ = {isa = PBXFileReference; lastKnownFileType = text.html; path = "class_r_g_b-members.html"; sourceTree = "<group>"; };
		2F01C59B27522D90004DA76C /* classes.html */ = {isa = PBXFileReference; lastKnownFileType = text.html; path = classes.html; sourceTree = "<group>"; };
		2F01C59C27522D90004DA76C /* class_game_object.html */ = {isa = PBXFileReference; lastKnownFileType = text.html; path = class_game_object.html; sourceTree = "<group>"; };
		2F01C59D27522D90004DA76C /* _game_8hpp_source.html */ = {isa = PBXFileReference; lastKnownFileType = text.html; path = _game_8hpp_source.html; sourceTree = "<group>"; };
		2F01C59E27522D90004DA76C /* class_model2048.html */ = {isa = PBXFileReference; lastKnownFileType = text.html; path = class_model2048.html; sourceTree = "<group>"; };
		2F01C59F27522D90004DA76C /* _type_alias_8h_source.html */ = {isa = PBXFileReference; lastKnownFileType = text.html; path = _type_alias_8h_source.html; sourceTree = "<group>"; };
		2F01C5A027522D90004DA76C /* class_text_box.png */ = {isa = PBXFileReference; lastKnownFileType = image.png; path = class_text_box.png; sourceTree = "<group>"; };
		2F01C5A127522D90004DA76C /* menudata.js */ = {isa = PBXFileReference; lastKnownFileType = sourcecode.javascript; path = menudata.js; sourceTree = "<group>"; };
		2F01C5A227522D90004DA76C /* open.png */ = {isa = PBXFileReference; lastKnownFileType = image.png; path = open.png; sourceTree = "<group>"; };
		2F01C5A327522D90004DA76C /* class_abstract_event-members.html */ = {isa = PBXFileReference; lastKnownFileType = text.html; path = "class_abstract_event-members.html"; sourceTree = "<group>"; };
		2F01C5A427522D90004DA76C /* class_cell2048-members.html */ = {isa = PBXFileReference; lastKnownFileType = text.html; path = "class_cell2048-members.html"; sourceTree = "<group>"; };
		2F01C5A527522D90004DA76C /* class_model2048_1_1_action.html */ = {isa = PBXFileReference; lastKnownFileType = text.html; path = class_model2048_1_1_action.html; sourceTree = "<group>"; };
		2F01C5A627522D90004DA76C /* menu.js */ = {isa = PBXFileReference; lastKnownFileType = sourcecode.javascript; path = menu.js; sourceTree = "<group>"; };
		2F01C5A727522D90004DA76C /* class_cell2048.html */ = {isa = PBXFileReference; lastKnownFileType = text.html; path = class_cell2048.html; sourceTree = "<group>"; };
		2F01C5A827522D90004DA76C /* dir_e6e67eaaaa21457b42ad371d281755db.html */ = {isa = PBXFileReference; lastKnownFileType = text.html; path = dir_e6e67eaaaa21457b42ad371d281755db.html; sourceTree = "<group>"; };
		2F01C5A927522D90004DA76C /* _colors_8h_source.html */ = {isa = PBXFileReference; lastKnownFileType = text.html; path = _colors_8h_source.html; sourceTree = "<group>"; };
		2F01C5AA27522D90004DA76C /* folderclosed.png */ = {isa = PBXFileReference; lastKnownFileType = image.png; path = folderclosed.png; sourceTree = "<group>"; };
		2F01C5AB27522D90004DA76C /* dynsections.js */ = {isa = PBXFileReference; lastKnownFileType = sourcecode.javascript; path = dynsections.js; sourceTree = "<group>"; };
		2F01C5AC27522D90004DA76C /* todo.html */ = {isa = PBXFileReference; lastKnownFileType = text.html; path = todo.html; sourceTree = "<group>"; };
		2F01C5AD27522D90004DA76C /* _r_g_b_8hpp_source.html */ = {isa = PBXFileReference; lastKnownFileType = text.html; path = _r_g_b_8hpp_source.html; sourceTree = "<group>"; };
		2F01C5AE27522D90004DA76C /* dir_944c1ed6eeb7ede8298cd527a6070800.html */ = {isa = PBXFileReference; lastKnownFileType = text.html; path = dir_944c1ed6eeb7ede8298cd527a6070800.html; sourceTree = "<group>"; };
		2F01C5AF27522D90004DA76C /* folderopen.png */ = {isa = PBXFileReference; lastKnownFileType = image.png; path = folderopen.png; sourceTree = "<group>"; };
		2F01C5B027522D90004DA76C /* class_abstract_controler-members.html */ = {isa = PBXFileReference; lastKnownFileType = text.html; path = "class_abstract_controler-members.html"; sourceTree = "<group>"; };
		2F01C5B127522D90004DA76C /* _abstract_action_8hpp_source.html */ = {isa = PBXFileReference; lastKnownFileType = text.html; path = _abstract_action_8hpp_source.html; sourceTree = "<group>"; };
		2F01C5B227522D90004DA76C /* jquery.js */ = {isa = PBXFileReference; lastKnownFileType = sourcecode.javascript; path = jquery.js; sourceTree = "<group>"; };
		2F01C5B327522DAB004DA76C /* index.html */ = {isa = PBXFileReference; lastKnownFileType = text.html; path = index.html; sourceTree = "<group>"; };
		2F12CEC0261F0D8600A7B17A /* Fusion Engine */ = {isa = PBXFileReference; explicitFileType = "compiled.mach-o.executable"; includeInIndex = 0; path = "Fusion Engine"; sourceTree = BUILT_PRODUCTS_DIR; };
		2F12CEC3261F0D8600A7B17A /* main.cpp */ = {isa = PBXFileReference; lastKnownFileType = sourcecode.cpp.cpp; path = main.cpp; sourceTree = "<group>"; };
		2F12CECF261F0E0A00A7B17A /* Colors.h */ = {isa = PBXFileReference; fileEncoding = 4; lastKnownFileType = sourcecode.c.h; path = Colors.h; sourceTree = "<group>"; };
		2F12CED0261F0E0A00A7B17A /* Draw.hpp */ = {isa = PBXFileReference; fileEncoding = 4; lastKnownFileType = sourcecode.cpp.h; path = Draw.hpp; sourceTree = "<group>"; };
		2F12CED4261F0E0A00A7B17A /* Draw.cpp */ = {isa = PBXFileReference; fileEncoding = 4; lastKnownFileType = sourcecode.cpp.cpp; path = Draw.cpp; sourceTree = "<group>"; };
		2F12CEDB261F115500A7B17A /* GLUT.framework */ = {isa = PBXFileReference; lastKnownFileType = wrapper.framework; name = GLUT.framework; path = System/Library/Frameworks/GLUT.framework; sourceTree = SDKROOT; };
		2F12CEDD261F118D00A7B17A /* OpenGL.framework */ = {isa = PBXFileReference; lastKnownFileType = wrapper.framework; name = OpenGL.framework; path = System/Library/Frameworks/OpenGL.framework; sourceTree = SDKROOT; };
		2F12CEDF261F146800A7B17A /* Game.cpp */ = {isa = PBXFileReference; lastKnownFileType = sourcecode.cpp.cpp; path = Game.cpp; sourceTree = "<group>"; };
		2F12CEE0261F146800A7B17A /* Game.hpp */ = {isa = PBXFileReference; lastKnownFileType = sourcecode.cpp.h; path = Game.hpp; sourceTree = "<group>"; };
		2F12CEE226202BF300A7B17A /* settings.txt */ = {isa = PBXFileReference; lastKnownFileType = text; path = settings.txt; sourceTree = "<group>"; };
		2F12CEE426203E9400A7B17A /* AbstractControler.hpp */ = {isa = PBXFileReference; lastKnownFileType = sourcecode.cpp.h; path = AbstractControler.hpp; sourceTree = "<group>"; };
		2F12CEE626203FC400A7B17A /* Controler2048.cpp */ = {isa = PBXFileReference; lastKnownFileType = sourcecode.cpp.cpp; path = Controler2048.cpp; sourceTree = "<group>"; };
		2F12CEE726203FC400A7B17A /* Controler2048.hpp */ = {isa = PBXFileReference; lastKnownFileType = sourcecode.cpp.h; path = Controler2048.hpp; sourceTree = "<group>"; };
		2F12CEE926204B5700A7B17A /* GameObject.cpp */ = {isa = PBXFileReference; lastKnownFileType = sourcecode.cpp.cpp; path = GameObject.cpp; sourceTree = "<group>"; };
		2F12CEEA26204B5700A7B17A /* GameObject.hpp */ = {isa = PBXFileReference; lastKnownFileType = sourcecode.cpp.h; path = GameObject.hpp; sourceTree = "<group>"; };
		2F12CEEC2620EA9F00A7B17A /* TextBox.cpp */ = {isa = PBXFileReference; lastKnownFileType = sourcecode.cpp.cpp; path = TextBox.cpp; sourceTree = "<group>"; };
		2F12CEED2620EA9F00A7B17A /* TextBox.hpp */ = {isa = PBXFileReference; lastKnownFileType = sourcecode.cpp.h; path = TextBox.hpp; sourceTree = "<group>"; };
		2F12CEEF2621CFBF00A7B17A /* Field.cpp */ = {isa = PBXFileReference; lastKnownFileType = sourcecode.cpp.cpp; path = Field.cpp; sourceTree = "<group>"; };
		2F12CEF02621CFBF00A7B17A /* Field.hpp */ = {isa = PBXFileReference; lastKnownFileType = sourcecode.cpp.h; path = Field.hpp; sourceTree = "<group>"; };
		2F12CEF2262462B400A7B17A /* Cell2048.cpp */ = {isa = PBXFileReference; lastKnownFileType = sourcecode.cpp.cpp; path = Cell2048.cpp; sourceTree = "<group>"; };
		2F12CEF3262462B400A7B17A /* Cell2048.hpp */ = {isa = PBXFileReference; lastKnownFileType = sourcecode.cpp.h; path = Cell2048.hpp; sourceTree = "<group>"; };
		2F12CEF526246E5B00A7B17A /* best.txt */ = {isa = PBXFileReference; lastKnownFileType = text; path = best.txt; sourceTree = "<group>"; };
		2F12CEF62626E05700A7B17A /* RGB.cpp */ = {isa = PBXFileReference; lastKnownFileType = sourcecode.cpp.cpp; path = RGB.cpp; sourceTree = "<group>"; };
		2F12CEF72626E05700A7B17A /* RGB.hpp */ = {isa = PBXFileReference; lastKnownFileType = sourcecode.cpp.h; path = RGB.hpp; sourceTree = "<group>"; };
		2FA21370262A2B6200BCEBCC /* colors.txt */ = {isa = PBXFileReference; lastKnownFileType = text; path = colors.txt; sourceTree = "<group>"; };
		2FA21371262A2F0300BCEBCC /* Glut.h */ = {isa = PBXFileReference; lastKnownFileType = sourcecode.c.h; path = Glut.h; sourceTree = "<group>"; };
		2FB4722E2713160700BB58B4 /* README.md */ = {isa = PBXFileReference; lastKnownFileType = net.daringfireball.markdown; path = README.md; sourceTree = "<group>"; };
		2FB4722F27146C5C00BB58B4 /* SyntaxTarget.md */ = {isa = PBXFileReference; lastKnownFileType = net.daringfireball.markdown; path = SyntaxTarget.md; sourceTree = "<group>"; };
		2FB47230271C5A4500BB58B4 /* Model2048.cpp */ = {isa = PBXFileReference; lastKnownFileType = sourcecode.cpp.cpp; path = Model2048.cpp; sourceTree = "<group>"; };
		2FB47231271C5A4500BB58B4 /* Model2048.hpp */ = {isa = PBXFileReference; lastKnownFileType = sourcecode.cpp.h; path = Model2048.hpp; sourceTree = "<group>"; };
		2FB472392720441C00BB58B4 /* TypeAlias.h */ = {isa = PBXFileReference; lastKnownFileType = sourcecode.c.h; path = TypeAlias.h; sourceTree = "<group>"; };
		2FB4723B27218CFF00BB58B4 /* AbstractAction.hpp */ = {isa = PBXFileReference; lastKnownFileType = sourcecode.cpp.h; path = AbstractAction.hpp; sourceTree = "<group>"; };
		2FB4723D27235C1700BB58B4 /* Keyboard.cpp */ = {isa = PBXFileReference; lastKnownFileType = sourcecode.cpp.cpp; path = Keyboard.cpp; sourceTree = "<group>"; };
		2FB4723E27235C1700BB58B4 /* Keyboard.hpp */ = {isa = PBXFileReference; lastKnownFileType = sourcecode.cpp.h; path = Keyboard.hpp; sourceTree = "<group>"; };
		2FB4724027235C9F00BB58B4 /* Keys.h */ = {isa = PBXFileReference; lastKnownFileType = sourcecode.c.h; path = Keys.h; sourceTree = "<group>"; };
		2FB4724127235DAF00BB58B4 /* AbstractEvent.cpp */ = {isa = PBXFileReference; lastKnownFileType = sourcecode.cpp.cpp; path = AbstractEvent.cpp; sourceTree = "<group>"; };
		2FB4724227235DAF00BB58B4 /* AbstractEvent.hpp */ = {isa = PBXFileReference; lastKnownFileType = sourcecode.cpp.h; path = AbstractEvent.hpp; sourceTree = "<group>"; };
		2FB472442724181A00BB58B4 /* AbstractControler.cpp */ = {isa = PBXFileReference; lastKnownFileType = sourcecode.cpp.cpp; path = AbstractControler.cpp; sourceTree = "<group>"; };
		2FB4724727242EC200BB58B4 /* .gitignore */ = {isa = PBXFileReference; lastKnownFileType = text; path = .gitignore; sourceTree = "<group>"; };
		2FE20085274A87B700CDD15B /* doxygen_config */ = {isa = PBXFileReference; lastKnownFileType = text; path = doxygen_config; sourceTree = "<group>"; };
/* End PBXFileReference section */

/* Begin PBXFrameworksBuildPhase section */
		2F12CEBD261F0D8600A7B17A /* Frameworks */ = {
			isa = PBXFrameworksBuildPhase;
			buildActionMask = 2147483647;
			files = (
				2F12CEDC261F115500A7B17A /* GLUT.framework in Frameworks */,
				2F12CEDE261F118D00A7B17A /* OpenGL.framework in Frameworks */,
			);
			runOnlyForDeploymentPostprocessing = 0;
		};
/* End PBXFrameworksBuildPhase section */

/* Begin PBXGroup section */
		2F01C4E827522D90004DA76C /* docs */ = {
			isa = PBXGroup;
			children = (
				2F01C4E927522D90004DA76C /* html */,
				2F01C5B327522DAB004DA76C /* index.html */,
			);
			path = docs;
			sourceTree = "<group>";
		};
		2F01C4E927522D90004DA76C /* html */ = {
			isa = PBXGroup;
			children = (
				2F01C4EA27522D90004DA76C /* splitbar.png */,
				2F01C4EB27522D90004DA76C /* _controler2048_8hpp_source.html */,
				2F01C4EC27522D90004DA76C /* _text_box_8hpp_source.html */,
				2F01C4ED27522D90004DA76C /* class_field.html */,
				2F01C4EE27522D90004DA76C /* doxygen.css */,
				2F01C4EF27522D90004DA76C /* _field_8hpp_source.html */,
				2F01C4F027522D90004DA76C /* _abstract_controler_8hpp_source.html */,
				2F01C4F127522D90004DA76C /* pages.html */,
				2F01C4F227522D90004DA76C /* index.html */,
				2F01C4F327522D90004DA76C /* functions.html */,
				2F01C4F427522D90004DA76C /* class_r_g_b.html */,
				2F01C4F527522D90004DA76C /* sync_off.png */,
				2F01C4F627522D90004DA76C /* class_model2048_1_1_action.png */,
				2F01C4F727522D90004DA76C /* class_text_box-members.html */,
				2F01C4F827522D90004DA76C /* sync_on.png */,
				2F01C4F927522D90004DA76C /* class_field-members.html */,
				2F01C4FA27522D90004DA76C /* _draw_8hpp_source.html */,
				2F01C4FB27522D90004DA76C /* class_abstract_event.html */,
				2F01C4FC27522D90004DA76C /* annotated.html */,
				2F01C4FD27522D90004DA76C /* doc.png */,
				2F01C4FE27522D90004DA76C /* hierarchy.html */,
				2F01C4FF27522D90004DA76C /* bc_s.png */,
				2F01C50027522D90004DA76C /* nav_g.png */,
				2F01C50127522D90004DA76C /* class_text_box.html */,
				2F01C50227522D90004DA76C /* nav_f.png */,
				2F01C50327522D90004DA76C /* tabs.css */,
				2F01C50427522D90004DA76C /* _keys_8h_source.html */,
				2F01C50527522D90004DA76C /* _cell2048_8hpp_source.html */,
				2F01C50627522D90004DA76C /* closed.png */,
				2F01C50727522D90004DA76C /* class_game-members.html */,
				2F01C50827522D90004DA76C /* doxygen.png */,
				2F01C50927522D90004DA76C /* md__f_u_s_u_i_o_n__e_n_g_i_n_e__syntax_target.html */,
				2F01C50A27522D90004DA76C /* functions_vars.html */,
				2F01C50B27522D90004DA76C /* tab_s.png */,
				2F01C50C27522D90004DA76C /* class_model2048_1_1_action-members.html */,
				2F01C50D27522D90004DA76C /* class_abstract_action-members.html */,
				2F01C50E27522D90004DA76C /* class_controler2048.html */,
				2F01C50F27522D90004DA76C /* class_controler2048.png */,
				2F01C51027522D90004DA76C /* class_game.html */,
				2F01C51127522D90004DA76C /* files.html */,
				2F01C51227522D90004DA76C /* _model2048_8hpp_source.html */,
				2F01C51327522D90004DA76C /* dir_650c48b87d7db1aa4191b3d29cd54b9d.html */,
				2F01C51427522D90004DA76C /* tab_a.png */,
				2F01C51527522D90004DA76C /* functions_func.html */,
				2F01C51627522D90004DA76C /* class_keyboard-members.html */,
				2F01C51727522D90004DA76C /* _game_object_8hpp_source.html */,
				2F01C51827522D90004DA76C /* _abstract_event_8hpp_source.html */,
				2F01C51927522D90004DA76C /* md__f_u_s_u_i_o_n__e_n_g_i_n_e__r_e_a_d_m_e.html */,
				2F01C51A27522D90004DA76C /* dir_d538ab4e068862bedc166da725c2a768.html */,
				2F01C51B27522D90004DA76C /* tab_b.png */,
				2F01C51C27522D90004DA76C /* class_abstract_action.html */,
				2F01C51D27522D90004DA76C /* class_controler2048-members.html */,
				2F01C51E27522D90004DA76C /* bdwn.png */,
				2F01C51F27522D90004DA76C /* search */,
				2F01C58B27522D90004DA76C /* _glut_8h_source.html */,
				2F01C58C27522D90004DA76C /* class_abstract_action.png */,
				2F01C58D27522D90004DA76C /* class_abstract_controler.html */,
				2F01C58E27522D90004DA76C /* _keyboard_8hpp_source.html */,
				2F01C58F27522D90004DA76C /* class_model2048-members.html */,
				2F01C59027522D90004DA76C /* class_game_object-members.html */,
				2F01C59127522D90004DA76C /* dir_9be723b93474caf7cf71127d382e857f.html */,
				2F01C59227522D90004DA76C /* class_field.png */,
				2F01C59327522D90004DA76C /* class_abstract_controler.png */,
				2F01C59427522D90004DA76C /* class_keyboard.html */,
				2F01C59527522D90004DA76C /* nav_h.png */,
				2F01C59627522D90004DA76C /* class_game_object.png */,
				2F01C59727522D90004DA76C /* tab_h.png */,
				2F01C59827522D90004DA76C /* class_cell2048.png */,
				2F01C59927522D90004DA76C /* dir_7cfc7cf4971cb218898459c9df725ebd.html */,
				2F01C59A27522D90004DA76C /* class_r_g_b-members.html */,
				2F01C59B27522D90004DA76C /* classes.html */,
				2F01C59C27522D90004DA76C /* class_game_object.html */,
				2F01C59D27522D90004DA76C /* _game_8hpp_source.html */,
				2F01C59E27522D90004DA76C /* class_model2048.html */,
				2F01C59F27522D90004DA76C /* _type_alias_8h_source.html */,
				2F01C5A027522D90004DA76C /* class_text_box.png */,
				2F01C5A127522D90004DA76C /* menudata.js */,
				2F01C5A227522D90004DA76C /* open.png */,
				2F01C5A327522D90004DA76C /* class_abstract_event-members.html */,
				2F01C5A427522D90004DA76C /* class_cell2048-members.html */,
				2F01C5A527522D90004DA76C /* class_model2048_1_1_action.html */,
				2F01C5A627522D90004DA76C /* menu.js */,
				2F01C5A727522D90004DA76C /* class_cell2048.html */,
				2F01C5A827522D90004DA76C /* dir_e6e67eaaaa21457b42ad371d281755db.html */,
				2F01C5A927522D90004DA76C /* _colors_8h_source.html */,
				2F01C5AA27522D90004DA76C /* folderclosed.png */,
				2F01C5AB27522D90004DA76C /* dynsections.js */,
				2F01C5AC27522D90004DA76C /* todo.html */,
				2F01C5AD27522D90004DA76C /* _r_g_b_8hpp_source.html */,
				2F01C5AE27522D90004DA76C /* dir_944c1ed6eeb7ede8298cd527a6070800.html */,
				2F01C5AF27522D90004DA76C /* folderopen.png */,
				2F01C5B027522D90004DA76C /* class_abstract_controler-members.html */,
				2F01C5B127522D90004DA76C /* _abstract_action_8hpp_source.html */,
				2F01C5B227522D90004DA76C /* jquery.js */,
			);
			path = html;
			sourceTree = "<group>";
		};
		2F01C51F27522D90004DA76C /* search */ = {
			isa = PBXGroup;
			children = (
				2F01C52027522D90004DA76C /* functions_3.js */,
				2F01C52127522D90004DA76C /* searchdata.js */,
				2F01C52227522D90004DA76C /* functions_6.html */,
				2F01C52327522D90004DA76C /* all_6.js */,
				2F01C52427522D90004DA76C /* functions_11.js */,
				2F01C52527522D90004DA76C /* all_4.html */,
				2F01C52627522D90004DA76C /* classes_1.html */,
				2F01C52727522D90004DA76C /* functions_d.js */,
				2F01C52827522D90004DA76C /* all_a.js */,
				2F01C52927522D90004DA76C /* search_r.png */,
				2F01C52A27522D90004DA76C /* functions_7.js */,
				2F01C52B27522D90004DA76C /* functions_a.html */,
				2F01C52C27522D90004DA76C /* all_8.html */,
				2F01C52D27522D90004DA76C /* all_c.html */,
				2F01C52E27522D90004DA76C /* all_2.js */,
				2F01C52F27522D90004DA76C /* all_e.js */,
				2F01C53027522D90004DA76C /* functions_6.js */,
				2F01C53127522D90004DA76C /* all_3.js */,
				2F01C53227522D90004DA76C /* functions_a.js */,
				2F01C53327522D90004DA76C /* all_b.html */,
				2F01C53427522D90004DA76C /* all_9.html */,
				2F01C53527522D90004DA76C /* all_d.js */,
				2F01C53627522D90004DA76C /* functions_2.js */,
				2F01C53727522D90004DA76C /* all_7.js */,
				2F01C53827522D90004DA76C /* functions_10.js */,
				2F01C53927522D90004DA76C /* classes_0.html */,
				2F01C53A27522D90004DA76C /* search.css */,
				2F01C53B27522D90004DA76C /* all_5.html */,
				2F01C53C27522D90004DA76C /* functions_e.js */,
				2F01C53D27522D90004DA76C /* functions_7.html */,
				2F01C53E27522D90004DA76C /* classes_1.js */,
				2F01C53F27522D90004DA76C /* all_e.html */,
				2F01C54027522D90004DA76C /* functions_9.js */,
				2F01C54127522D90004DA76C /* classes_5.js */,
				2F01C54227522D90004DA76C /* functions_11.html */,
				2F01C54327522D90004DA76C /* functions_0.html */,
				2F01C54427522D90004DA76C /* all_8.js */,
				2F01C54527522D90004DA76C /* all_2.html */,
				2F01C54627522D90004DA76C /* classes_7.html */,
				2F01C54727522D90004DA76C /* all_11.html */,
				2F01C54827522D90004DA76C /* classes_4.js */,
				2F01C54927522D90004DA76C /* all_9.js */,
				2F01C54A27522D90004DA76C /* all_10.html */,
				2F01C54B27522D90004DA76C /* all_12.js */,
				2F01C54C27522D90004DA76C /* classes_6.html */,
				2F01C54D27522D90004DA76C /* all_3.html */,
				2F01C54E27522D90004DA76C /* functions_1.html */,
				2F01C54F27522D90004DA76C /* functions_10.html */,
				2F01C55027522D90004DA76C /* classes_0.js */,
				2F01C55127522D90004DA76C /* functions_8.js */,
				2F01C55227522D90004DA76C /* all_d.html */,
				2F01C55327522D90004DA76C /* functions_f.html */,
				2F01C55427522D90004DA76C /* classes_7.js */,
				2F01C55527522D90004DA76C /* all_11.js */,
				2F01C55627522D90004DA76C /* variables_0.html */,
				2F01C55727522D90004DA76C /* functions_e.html */,
				2F01C55827522D90004DA76C /* classes_3.js */,
				2F01C55927522D90004DA76C /* classes_5.html */,
				2F01C55A27522D90004DA76C /* all_0.html */,
				2F01C55B27522D90004DA76C /* functions_2.html */,
				2F01C55C27522D90004DA76C /* functions_12.html */,
				2F01C55D27522D90004DA76C /* classes_2.js */,
				2F01C55E27522D90004DA76C /* functions_3.html */,
				2F01C55F27522D90004DA76C /* all_1.html */,
				2F01C56027522D90004DA76C /* classes_4.html */,
				2F01C56127522D90004DA76C /* all_12.html */,
				2F01C56227522D90004DA76C /* classes_6.js */,
				2F01C56327522D90004DA76C /* functions_d.html */,
				2F01C56427522D90004DA76C /* all_10.js */,
				2F01C56527522D90004DA76C /* all_f.html */,
				2F01C56627522D90004DA76C /* functions_5.js */,
				2F01C56727522D90004DA76C /* all_0.js */,
				2F01C56827522D90004DA76C /* functions_b.js */,
				2F01C56927522D90004DA76C /* classes_3.html */,
				2F01C56A27522D90004DA76C /* all_6.html */,
				2F01C56B27522D90004DA76C /* functions_4.html */,
				2F01C56C27522D90004DA76C /* search_l.png */,
				2F01C56D27522D90004DA76C /* functions_1.js */,
				2F01C56E27522D90004DA76C /* pages_0.js */,
				2F01C56F27522D90004DA76C /* all_4.js */,
				2F01C57027522D90004DA76C /* all_a.html */,
				2F01C57127522D90004DA76C /* functions_f.js */,
				2F01C57227522D90004DA76C /* pages_1.html */,
				2F01C57327522D90004DA76C /* functions_c.html */,
				2F01C57427522D90004DA76C /* all_c.js */,
				2F01C57527522D90004DA76C /* functions_8.html */,
				2F01C57627522D90004DA76C /* search_m.png */,
				2F01C57727522D90004DA76C /* search.js */,
				2F01C57827522D90004DA76C /* functions_9.html */,
				2F01C57927522D90004DA76C /* pages_1.js */,
				2F01C57A27522D90004DA76C /* functions_0.js */,
				2F01C57B27522D90004DA76C /* functions_b.html */,
				2F01C57C27522D90004DA76C /* functions_12.js */,
				2F01C57D27522D90004DA76C /* all_5.js */,
				2F01C57E27522D90004DA76C /* pages_0.html */,
				2F01C57F27522D90004DA76C /* mag_sel.png */,
				2F01C58027522D90004DA76C /* all_b.js */,
				2F01C58127522D90004DA76C /* nomatches.html */,
				2F01C58227522D90004DA76C /* functions_4.js */,
				2F01C58327522D90004DA76C /* variables_0.js */,
				2F01C58427522D90004DA76C /* functions_5.html */,
				2F01C58527522D90004DA76C /* all_7.html */,
				2F01C58627522D90004DA76C /* all_1.js */,
				2F01C58727522D90004DA76C /* classes_2.html */,
				2F01C58827522D90004DA76C /* functions_c.js */,
				2F01C58927522D90004DA76C /* close.png */,
				2F01C58A27522D90004DA76C /* all_f.js */,
			);
			path = search;
			sourceTree = "<group>";
		};
		2F12CEB7261F0D8600A7B17A = {
			isa = PBXGroup;
			children = (
				2F01C4E827522D90004DA76C /* docs */,
				2FE20085274A87B700CDD15B /* doxygen_config */,
				2FB4724727242EC200BB58B4 /* .gitignore */,
				2F12CEC2261F0D8600A7B17A /* Fusuion Engine */,
				2F12CEC1261F0D8600A7B17A /* Products */,
				2F12CEDA261F115500A7B17A /* Frameworks */,
			);
			sourceTree = "<group>";
		};
		2F12CEC1261F0D8600A7B17A /* Products */ = {
			isa = PBXGroup;
			children = (
				2F12CEC0261F0D8600A7B17A /* Fusion Engine */,
			);
			name = Products;
			sourceTree = "<group>";
		};
		2F12CEC2261F0D8600A7B17A /* Fusuion Engine */ = {
			isa = PBXGroup;
			children = (
				2FB4722B2713125700BB58B4 /* Fusion */,
				2F12CECB261F0E0A00A7B17A /* Headers */,
				2F12CED1261F0E0A00A7B17A /* Source */,
				2F12CEC3261F0D8600A7B17A /* main.cpp */,
				2F12CEE226202BF300A7B17A /* settings.txt */,
				2F12CEF526246E5B00A7B17A /* best.txt */,
				2FA21370262A2B6200BCEBCC /* colors.txt */,
				2FB4722E2713160700BB58B4 /* README.md */,
				2FB4722F27146C5C00BB58B4 /* SyntaxTarget.md */,
				2F01C4E727522728004DA76C /* MAINPAGE.md */,
			);
			path = "Fusuion Engine";
			sourceTree = "<group>";
		};
		2F12CECB261F0E0A00A7B17A /* Headers */ = {
			isa = PBXGroup;
			children = (
				2F12CEF3262462B400A7B17A /* Cell2048.hpp */,
				2F12CEE726203FC400A7B17A /* Controler2048.hpp */,
				2F12CEF02621CFBF00A7B17A /* Field.hpp */,
				2FB47231271C5A4500BB58B4 /* Model2048.hpp */,
			);
			path = Headers;
			sourceTree = "<group>";
		};
		2F12CED1261F0E0A00A7B17A /* Source */ = {
			isa = PBXGroup;
			children = (
				2F12CEF2262462B400A7B17A /* Cell2048.cpp */,
				2F12CEE626203FC400A7B17A /* Controler2048.cpp */,
				2F12CEEF2621CFBF00A7B17A /* Field.cpp */,
				2FB47230271C5A4500BB58B4 /* Model2048.cpp */,
			);
			path = Source;
			sourceTree = "<group>";
		};
		2F12CEDA261F115500A7B17A /* Frameworks */ = {
			isa = PBXGroup;
			children = (
				2F12CEDD261F118D00A7B17A /* OpenGL.framework */,
				2F12CEDB261F115500A7B17A /* GLUT.framework */,
			);
			name = Frameworks;
			sourceTree = "<group>";
		};
		2FB4722B2713125700BB58B4 /* Fusion */ = {
			isa = PBXGroup;
			children = (
				2FB4722D271312BC00BB58B4 /* Headers */,
				2FB4722C2713128100BB58B4 /* Source */,
			);
			path = Fusion;
			sourceTree = "<group>";
		};
		2FB4722C2713128100BB58B4 /* Source */ = {
			isa = PBXGroup;
			children = (
				2FB472442724181A00BB58B4 /* AbstractControler.cpp */,
				2FB4724127235DAF00BB58B4 /* AbstractEvent.cpp */,
				2F12CED4261F0E0A00A7B17A /* Draw.cpp */,
				2F12CEDF261F146800A7B17A /* Game.cpp */,
				2F12CEE926204B5700A7B17A /* GameObject.cpp */,
				2FB4723D27235C1700BB58B4 /* Keyboard.cpp */,
				2F12CEF62626E05700A7B17A /* RGB.cpp */,
				2F12CEEC2620EA9F00A7B17A /* TextBox.cpp */,
			);
			path = Source;
			sourceTree = "<group>";
		};
		2FB4722D271312BC00BB58B4 /* Headers */ = {
			isa = PBXGroup;
			children = (
				2FB4723B27218CFF00BB58B4 /* AbstractAction.hpp */,
				2F12CEE426203E9400A7B17A /* AbstractControler.hpp */,
				2FB4724227235DAF00BB58B4 /* AbstractEvent.hpp */,
				2F12CECF261F0E0A00A7B17A /* Colors.h */,
				2F12CED0261F0E0A00A7B17A /* Draw.hpp */,
				2F12CEE0261F146800A7B17A /* Game.hpp */,
				2F12CEEA26204B5700A7B17A /* GameObject.hpp */,
				2FA21371262A2F0300BCEBCC /* Glut.h */,
				2FB4723E27235C1700BB58B4 /* Keyboard.hpp */,
				2FB4724027235C9F00BB58B4 /* Keys.h */,
				2F12CEF72626E05700A7B17A /* RGB.hpp */,
				2F12CEED2620EA9F00A7B17A /* TextBox.hpp */,
				2FB472392720441C00BB58B4 /* TypeAlias.h */,
			);
			path = Headers;
			sourceTree = "<group>";
		};
/* End PBXGroup section */

/* Begin PBXNativeTarget section */
		2F12CEBF261F0D8600A7B17A /* Fusion Engine */ = {
			isa = PBXNativeTarget;
			buildConfigurationList = 2F12CEC7261F0D8600A7B17A /* Build configuration list for PBXNativeTarget "Fusion Engine" */;
			buildPhases = (
				2F12CEBC261F0D8600A7B17A /* Sources */,
				2F12CEBD261F0D8600A7B17A /* Frameworks */,
				2F12CEBE261F0D8600A7B17A /* CopyFiles */,
			);
			buildRules = (
			);
			dependencies = (
			);
			name = "Fusion Engine";
			productName = "Laba 2s 2 2";
			productReference = 2F12CEC0261F0D8600A7B17A /* Fusion Engine */;
			productType = "com.apple.product-type.tool";
		};
/* End PBXNativeTarget section */

/* Begin PBXProject section */
		2F12CEB8261F0D8600A7B17A /* Project object */ = {
			isa = PBXProject;
			attributes = {
				LastUpgradeCheck = 1130;
				ORGANIZATIONNAME = "Влад Шелопугин";
				TargetAttributes = {
					2F12CEBF261F0D8600A7B17A = {
						CreatedOnToolsVersion = 11.3;
					};
				};
			};
			buildConfigurationList = 2F12CEBB261F0D8600A7B17A /* Build configuration list for PBXProject "Fusion Engine" */;
			compatibilityVersion = "Xcode 9.3";
			developmentRegion = en;
			hasScannedForEncodings = 0;
			knownRegions = (
				en,
				Base,
			);
			mainGroup = 2F12CEB7261F0D8600A7B17A;
			productRefGroup = 2F12CEC1261F0D8600A7B17A /* Products */;
			projectDirPath = "";
			projectRoot = "";
			targets = (
				2F12CEBF261F0D8600A7B17A /* Fusion Engine */,
			);
		};
/* End PBXProject section */

/* Begin PBXSourcesBuildPhase section */
		2F12CEBC261F0D8600A7B17A /* Sources */ = {
			isa = PBXSourcesBuildPhase;
			buildActionMask = 2147483647;
			files = (
				2F12CEEB26204B5700A7B17A /* GameObject.cpp in Sources */,
				2FB47232271C5A4500BB58B4 /* Model2048.cpp in Sources */,
				2F12CEE826203FC400A7B17A /* Controler2048.cpp in Sources */,
				2FB4723F27235C1D00BB58B4 /* Keyboard.cpp in Sources */,
				2F12CEC4261F0D8600A7B17A /* main.cpp in Sources */,
				2F12CED8261F0E0A00A7B17A /* Draw.cpp in Sources */,
				2FB472452724181A00BB58B4 /* AbstractControler.cpp in Sources */,
				2F12CEEE2620EA9F00A7B17A /* TextBox.cpp in Sources */,
				2F12CEF4262462B400A7B17A /* Cell2048.cpp in Sources */,
				2FB4724327235DB200BB58B4 /* AbstractEvent.cpp in Sources */,
				2F12CEF12621CFBF00A7B17A /* Field.cpp in Sources */,
				2F12CEE1261F146800A7B17A /* Game.cpp in Sources */,
				2F12CEF82626E05700A7B17A /* RGB.cpp in Sources */,
			);
			runOnlyForDeploymentPostprocessing = 0;
		};
/* End PBXSourcesBuildPhase section */

/* Begin XCBuildConfiguration section */
		2F12CEC5261F0D8600A7B17A /* Debug */ = {
			isa = XCBuildConfiguration;
			buildSettings = {
				ALWAYS_SEARCH_USER_PATHS = NO;
				CLANG_ANALYZER_NONNULL = YES;
				CLANG_ANALYZER_NUMBER_OBJECT_CONVERSION = YES_AGGRESSIVE;
				CLANG_CXX_LANGUAGE_STANDARD = "gnu++14";
				CLANG_CXX_LIBRARY = "libc++";
				CLANG_ENABLE_MODULES = YES;
				CLANG_ENABLE_OBJC_ARC = YES;
				CLANG_ENABLE_OBJC_WEAK = YES;
				CLANG_WARN_BLOCK_CAPTURE_AUTORELEASING = YES;
				CLANG_WARN_BOOL_CONVERSION = YES;
				CLANG_WARN_COMMA = YES;
				CLANG_WARN_CONSTANT_CONVERSION = YES;
				CLANG_WARN_DEPRECATED_OBJC_IMPLEMENTATIONS = YES;
				CLANG_WARN_DIRECT_OBJC_ISA_USAGE = YES_ERROR;
				CLANG_WARN_DOCUMENTATION_COMMENTS = YES;
				CLANG_WARN_EMPTY_BODY = YES;
				CLANG_WARN_ENUM_CONVERSION = YES;
				CLANG_WARN_INFINITE_RECURSION = YES;
				CLANG_WARN_INT_CONVERSION = YES;
				CLANG_WARN_NON_LITERAL_NULL_CONVERSION = YES;
				CLANG_WARN_OBJC_IMPLICIT_RETAIN_SELF = YES;
				CLANG_WARN_OBJC_LITERAL_CONVERSION = YES;
				CLANG_WARN_OBJC_ROOT_CLASS = YES_ERROR;
				CLANG_WARN_RANGE_LOOP_ANALYSIS = YES;
				CLANG_WARN_STRICT_PROTOTYPES = YES;
				CLANG_WARN_SUSPICIOUS_MOVE = YES;
				CLANG_WARN_UNGUARDED_AVAILABILITY = YES_AGGRESSIVE;
				CLANG_WARN_UNREACHABLE_CODE = YES;
				CLANG_WARN__DUPLICATE_METHOD_MATCH = YES;
				COPY_PHASE_STRIP = NO;
				DEBUG_INFORMATION_FORMAT = dwarf;
				ENABLE_STRICT_OBJC_MSGSEND = YES;
				ENABLE_TESTABILITY = YES;
				GCC_C_LANGUAGE_STANDARD = gnu11;
				GCC_DYNAMIC_NO_PIC = NO;
				GCC_NO_COMMON_BLOCKS = YES;
				GCC_OPTIMIZATION_LEVEL = 0;
				GCC_PREPROCESSOR_DEFINITIONS = (
					"DEBUG=1",
					"$(inherited)",
				);
				GCC_WARN_64_TO_32_BIT_CONVERSION = YES;
				GCC_WARN_ABOUT_RETURN_TYPE = YES_ERROR;
				GCC_WARN_UNDECLARED_SELECTOR = YES;
				GCC_WARN_UNINITIALIZED_AUTOS = YES_AGGRESSIVE;
				GCC_WARN_UNUSED_FUNCTION = YES;
				GCC_WARN_UNUSED_VARIABLE = YES;
				MACOSX_DEPLOYMENT_TARGET = 10.14;
				MTL_ENABLE_DEBUG_INFO = INCLUDE_SOURCE;
				MTL_FAST_MATH = YES;
				ONLY_ACTIVE_ARCH = YES;
				SDKROOT = macosx;
			};
			name = Debug;
		};
		2F12CEC6261F0D8600A7B17A /* Release */ = {
			isa = XCBuildConfiguration;
			buildSettings = {
				ALWAYS_SEARCH_USER_PATHS = NO;
				CLANG_ANALYZER_NONNULL = YES;
				CLANG_ANALYZER_NUMBER_OBJECT_CONVERSION = YES_AGGRESSIVE;
				CLANG_CXX_LANGUAGE_STANDARD = "gnu++14";
				CLANG_CXX_LIBRARY = "libc++";
				CLANG_ENABLE_MODULES = YES;
				CLANG_ENABLE_OBJC_ARC = YES;
				CLANG_ENABLE_OBJC_WEAK = YES;
				CLANG_WARN_BLOCK_CAPTURE_AUTORELEASING = YES;
				CLANG_WARN_BOOL_CONVERSION = YES;
				CLANG_WARN_COMMA = YES;
				CLANG_WARN_CONSTANT_CONVERSION = YES;
				CLANG_WARN_DEPRECATED_OBJC_IMPLEMENTATIONS = YES;
				CLANG_WARN_DIRECT_OBJC_ISA_USAGE = YES_ERROR;
				CLANG_WARN_DOCUMENTATION_COMMENTS = YES;
				CLANG_WARN_EMPTY_BODY = YES;
				CLANG_WARN_ENUM_CONVERSION = YES;
				CLANG_WARN_INFINITE_RECURSION = YES;
				CLANG_WARN_INT_CONVERSION = YES;
				CLANG_WARN_NON_LITERAL_NULL_CONVERSION = YES;
				CLANG_WARN_OBJC_IMPLICIT_RETAIN_SELF = YES;
				CLANG_WARN_OBJC_LITERAL_CONVERSION = YES;
				CLANG_WARN_OBJC_ROOT_CLASS = YES_ERROR;
				CLANG_WARN_RANGE_LOOP_ANALYSIS = YES;
				CLANG_WARN_STRICT_PROTOTYPES = YES;
				CLANG_WARN_SUSPICIOUS_MOVE = YES;
				CLANG_WARN_UNGUARDED_AVAILABILITY = YES_AGGRESSIVE;
				CLANG_WARN_UNREACHABLE_CODE = YES;
				CLANG_WARN__DUPLICATE_METHOD_MATCH = YES;
				COPY_PHASE_STRIP = NO;
				DEBUG_INFORMATION_FORMAT = "dwarf-with-dsym";
				ENABLE_NS_ASSERTIONS = NO;
				ENABLE_STRICT_OBJC_MSGSEND = YES;
				GCC_C_LANGUAGE_STANDARD = gnu11;
				GCC_NO_COMMON_BLOCKS = YES;
				GCC_WARN_64_TO_32_BIT_CONVERSION = YES;
				GCC_WARN_ABOUT_RETURN_TYPE = YES_ERROR;
				GCC_WARN_UNDECLARED_SELECTOR = YES;
				GCC_WARN_UNINITIALIZED_AUTOS = YES_AGGRESSIVE;
				GCC_WARN_UNUSED_FUNCTION = YES;
				GCC_WARN_UNUSED_VARIABLE = YES;
				MACOSX_DEPLOYMENT_TARGET = 10.14;
				MTL_ENABLE_DEBUG_INFO = NO;
				MTL_FAST_MATH = YES;
				SDKROOT = macosx;
			};
			name = Release;
		};
		2F12CEC8261F0D8600A7B17A /* Debug */ = {
			isa = XCBuildConfiguration;
			buildSettings = {
				CODE_SIGN_STYLE = Automatic;
				PRODUCT_NAME = "$(TARGET_NAME)";
			};
			name = Debug;
		};
		2F12CEC9261F0D8600A7B17A /* Release */ = {
			isa = XCBuildConfiguration;
			buildSettings = {
				CODE_SIGN_STYLE = Automatic;
				PRODUCT_NAME = "$(TARGET_NAME)";
			};
			name = Release;
		};
/* End XCBuildConfiguration section */

/* Begin XCConfigurationList section */
		2F12CEBB261F0D8600A7B17A /* Build configuration list for PBXProject "Fusion Engine" */ = {
			isa = XCConfigurationList;
			buildConfigurations = (
				2F12CEC5261F0D8600A7B17A /* Debug */,
				2F12CEC6261F0D8600A7B17A /* Release */,
			);
			defaultConfigurationIsVisible = 0;
			defaultConfigurationName = Release;
		};
		2F12CEC7261F0D8600A7B17A /* Build configuration list for PBXNativeTarget "Fusion Engine" */ = {
			isa = XCConfigurationList;
			buildConfigurations = (
				2F12CEC8261F0D8600A7B17A /* Debug */,
				2F12CEC9261F0D8600A7B17A /* Release */,
			);
			defaultConfigurationIsVisible = 0;
			defaultConfigurationName = Release;
		};
/* End XCConfigurationList section */
	};
	rootObject = 2F12CEB8261F0D8600A7B17A /* Project object */;
}
